
Microsoft Visual Studio Solution File, Format Version 12.00
# Visual Studio Version 17
VisualStudioVersion = 17.1.32210.238
MinimumVisualStudioVersion = 10.0.40219.1
Project("{FAE04EC0-301F-11D3-BF4B-00C04F79EFBC}") = "DeployTest", "DeployTest.csproj", "{D9E3437D-EA0F-4C5E-AF35-64B43751167E}"
EndProject
Global
	GlobalSection(SolutionConfigurationPlatforms) = preSolution
		Debug|Any CPU = Debug|Any CPU
		Release|Any CPU = Release|Any CPU
	EndGlobalSection
	GlobalSection(ProjectConfigurationPlatforms) = postSolution
		{D9E3437D-EA0F-4C5E-AF35-64B43751167E}.Debug|Any CPU.ActiveCfg = Debug|Any CPU
		{D9E3437D-EA0F-4C5E-AF35-64B43751167E}.Debug|Any CPU.Build.0 = Debug|Any CPU
		{D9E3437D-EA0F-4C5E-AF35-64B43751167E}.Release|Any CPU.ActiveCfg = Release|Any CPU
		{D9E3437D-EA0F-4C5E-AF35-64B43751167E}.Release|Any CPU.Build.0 = Release|Any CPU
	EndGlobalSection
	GlobalSection(SolutionProperties) = preSolution
		HideSolutionNode = FALSE
	EndGlobalSection
	GlobalSection(ExtensibilityGlobals) = postSolution
		SolutionGuid = {30DDC14B-2188-4208-9B7F-C855ABCA0D29}
	EndGlobalSection
EndGlobal
